
Microsoft Visual Studio Solution File, Format Version 12.00
# Visual Studio 2012
Project("{FAE04EC0-301F-11D3-BF4B-00C04F79EFBC}") = "OWINTest.Service", "OWINTest.Service\OWINTest.Service.csproj", "{040449FC-D996-49AF-BD74-D137D5688992}"
EndProject
Project("{FAE04EC0-301F-11D3-BF4B-00C04F79EFBC}") = "OWINTest.API", "OWINTest.API\OWINTest.API.csproj", "{1671F393-642C-46EA-9FA7-58F53818E724}"
EndProject
Global
	GlobalSection(SolutionConfigurationPlatforms) = preSolution
		Debug|Any CPU = Debug|Any CPU
		Release|Any CPU = Release|Any CPU
	EndGlobalSection
	GlobalSection(ProjectConfigurationPlatforms) = postSolution
		{040449FC-D996-49AF-BD74-D137D5688992}.Debug|Any CPU.ActiveCfg = Debug|Any CPU
		{040449FC-D996-49AF-BD74-D137D5688992}.Debug|Any CPU.Build.0 = Debug|Any CPU
		{040449FC-D996-49AF-BD74-D137D5688992}.Release|Any CPU.ActiveCfg = Release|Any CPU
		{040449FC-D996-49AF-BD74-D137D5688992}.Release|Any CPU.Build.0 = Release|Any CPU
		{1671F393-642C-46EA-9FA7-58F53818E724}.Debug|Any CPU.ActiveCfg = Debug|Any CPU
		{1671F393-642C-46EA-9FA7-58F53818E724}.Debug|Any CPU.Build.0 = Debug|Any CPU
		{1671F393-642C-46EA-9FA7-58F53818E724}.Release|Any CPU.ActiveCfg = Release|Any CPU
		{1671F393-642C-46EA-9FA7-58F53818E724}.Release|Any CPU.Build.0 = Release|Any CPU
	EndGlobalSection
	GlobalSection(SolutionProperties) = preSolution
		HideSolutionNode = FALSE
	EndGlobalSection
EndGlobal
